{
  "name": "first-hyperapp",
  "version": "1.0.0",
  "lockfileVersion": 1,
  "requires": true,
  "dependencies": {
    "hyperapp": {
      "version": "1.2.9",
      "resolved": "https://registry.npmjs.org/hyperapp/-/hyperapp-1.2.9.tgz",
      "integrity": "sha512-bIzi12am7pyQ5nc2qnQpN6GWonjdJp+AghY7j9H9L0vccM1OQ3Cqn13cZlmS9KYm91Nf9fwF4KjvbQekFBxHVw=="
    },
    "iu-ts": {
      "version": "1.0.0",
      "resolved": "https://registry.npmjs.org/iu-ts/-/iu-ts-1.0.0.tgz",
      "integrity": "sha512-f4VuWbcwer4Xf/iclQDPrU8rHOCXvV7OWvNEolq6y5Sr4TGU5UpJ7y2XAzLw38dz8f4F9R/1q8GMijSxNequ3g=="
    },
    "typescript": {
      "version": "3.1.4",
      "resolved": "https://registry.npmjs.org/typescript/-/typescript-3.1.4.tgz",
      "integrity": "sha512-JZHJtA6ZL15+Q3Dqkbh8iCUmvxD3iJ7ujXS+fVkKnwIVAdHc5BJTDNM0aTrnr2luKulFjU7W+SRhDZvi66Ru7Q==",
      "dev": true
    }
  }
}
